
Microsoft Visual Studio Solution File, Format Version 12.00
# Visual Studio Version 17
VisualStudioVersion = 17.10.34928.147
MinimumVisualStudioVersion = 10.0.40219.1
Project("{9A19103F-16F7-4668-BE54-9A1E7A4F7556}") = "basicWeb", "basicWeb.csproj", "{A2637E5F-A5DF-4A87-8A82-70B3C540729A}"
EndProject
Global
	GlobalSection(SolutionConfigurationPlatforms) = preSolution
		Debug|Any CPU = Debug|Any CPU
		Release|Any CPU = Release|Any CPU
	EndGlobalSection
	GlobalSection(ProjectConfigurationPlatforms) = postSolution
		{A2637E5F-A5DF-4A87-8A82-70B3C540729A}.Debug|Any CPU.ActiveCfg = Debug|Any CPU
		{A2637E5F-A5DF-4A87-8A82-70B3C540729A}.Debug|Any CPU.Build.0 = Debug|Any CPU
		{A2637E5F-A5DF-4A87-8A82-70B3C540729A}.Release|Any CPU.ActiveCfg = Release|Any CPU
		{A2637E5F-A5DF-4A87-8A82-70B3C540729A}.Release|Any CPU.Build.0 = Release|Any CPU
	EndGlobalSection
	GlobalSection(SolutionProperties) = preSolution
		HideSolutionNode = FALSE
	EndGlobalSection
	GlobalSection(ExtensibilityGlobals) = postSolution
		SolutionGuid = {8608FE61-2421-44C8-AF72-77BE3025212C}
	EndGlobalSection
EndGlobal
